
Microsoft Visual Studio Solution File, Format Version 12.00
# Visual Studio Express 2013 for Windows Desktop
VisualStudioVersion = 12.0.31101.0
MinimumVisualStudioVersion = 10.0.40219.1
Project("{FAE04EC0-301F-11D3-BF4B-00C04F79EFBC}") = "Even Fibonacci", "Even Fibonacci\Even Fibonacci.csproj", "{49AC45CD-5B9D-407C-90D0-1F84BF36BE3E}"
EndProject
Global
	GlobalSection(SolutionConfigurationPlatforms) = preSolution
		Debug|Any CPU = Debug|Any CPU
		Release|Any CPU = Release|Any CPU
	EndGlobalSection
	GlobalSection(ProjectConfigurationPlatforms) = postSolution
		{49AC45CD-5B9D-407C-90D0-1F84BF36BE3E}.Debug|Any CPU.ActiveCfg = Debug|Any CPU
		{49AC45CD-5B9D-407C-90D0-1F84BF36BE3E}.Debug|Any CPU.Build.0 = Debug|Any CPU
		{49AC45CD-5B9D-407C-90D0-1F84BF36BE3E}.Release|Any CPU.ActiveCfg = Release|Any CPU
		{49AC45CD-5B9D-407C-90D0-1F84BF36BE3E}.Release|Any CPU.Build.0 = Release|Any CPU
	EndGlobalSection
	GlobalSection(SolutionProperties) = preSolution
		HideSolutionNode = FALSE
	EndGlobalSection
EndGlobal
